
Microsoft Visual Studio Solution File, Format Version 12.00
# Visual Studio Version 17
VisualStudioVersion = 17.0.31903.59
MinimumVisualStudioVersion = 10.0.40219.1
Project("{FAE04EC0-301F-11D3-BF4B-00C04F79EFBC}") = "Clases", "Clases\Clases.csproj", "{E3A1964A-56E6-4ED7-BD15-D13EF12064EF}"
EndProject
Project("{FAE04EC0-301F-11D3-BF4B-00C04F79EFBC}") = "Ciclos_Practica", "Ciclos_Practica\Ciclos_Practica.csproj", "{C2AC17A1-3A54-4EA8-B09C-2792BBC886F3}"
EndProject
Project("{FAE04EC0-301F-11D3-BF4B-00C04F79EFBC}") = "LeerTeclado", "LeerTeclado\LeerTeclado.csproj", "{E45265EF-DBD3-4D41-9FF3-380AA97A18E3}"
EndProject
Project("{FAE04EC0-301F-11D3-BF4B-00C04F79EFBC}") = "Tablas De Multiplicar", "Tablas De Multiplicar\Tablas De Multiplicar.csproj", "{C9DCA64D-46A8-43AB-BA61-7D91713FE8C6}"
EndProject
Project("{FAE04EC0-301F-11D3-BF4B-00C04F79EFBC}") = "Tablas de multiplicar2", "Tablas de multiplicar2\Tablas de multiplicar2.csproj", "{8B780DD5-B859-4F61-8A64-3B9222F11AB6}"
EndProject
Project("{FAE04EC0-301F-11D3-BF4B-00C04F79EFBC}") = "Comparacion", "test123\Comparacion.csproj", "{BBFE2FFA-0D0C-4F3D-BA3A-A5864F9CBD57}"
EndProject
Project("{FAE04EC0-301F-11D3-BF4B-00C04F79EFBC}") = "Ejercicio1.1", "Ejercicio1.1\Ejercicio1.1.csproj", "{B4054782-0F84-413E-9F29-5896BCD24099}"
EndProject
Project("{FAE04EC0-301F-11D3-BF4B-00C04F79EFBC}") = "Ejercicio_Fizz_Buzz", "Ejercicio_Fizz_Buzz\Ejercicio_Fizz_Buzz.csproj", "{4801EE47-3648-45C3-830A-214956711AEA}"
EndProject
Project("{FAE04EC0-301F-11D3-BF4B-00C04F79EFBC}") = "Ejercicio2", "Ejercicio2\Ejercicio2.csproj", "{363F21A4-0370-4CD5-99BE-D22E891EA4BF}"
EndProject
Project("{FAE04EC0-301F-11D3-BF4B-00C04F79EFBC}") = "Ejercicio3_Factorial", "Ejercicio3_Factorial\Ejercicio3_Factorial.csproj", "{7EEF4D42-E4A6-44C4-9892-706F488EA672}"
EndProject
Project("{FAE04EC0-301F-11D3-BF4B-00C04F79EFBC}") = "Ejercicio_Calcular_Importe_a_Pagar", "Ejercicio_Calcular_Importe_a_Pagar\Ejercicio_Calcular_Importe_a_Pagar.csproj", "{D3456813-54C1-4054-ACA6-72CA4E3DC213}"
EndProject
Project("{FAE04EC0-301F-11D3-BF4B-00C04F79EFBC}") = "Ejercicio4", "Ejercicio4\Ejercicio4.csproj", "{67BA5BC8-19CC-4574-B5F1-D3A83244E175}"
EndProject
Project("{FAE04EC0-301F-11D3-BF4B-00C04F79EFBC}") = "Ejercicio5", "Ejercicio5\Ejercicio5.csproj", "{00559139-D333-45E3-B716-10B51E4C1007}"
EndProject
Project("{FAE04EC0-301F-11D3-BF4B-00C04F79EFBC}") = "Variables", "Variables\Variables.csproj", "{B0BEB226-4A0A-489D-A05B-0E212C3357E9}"
EndProject
Project("{FAE04EC0-301F-11D3-BF4B-00C04F79EFBC}") = "Ejercicio_Calificaciones", "Ejercicio_Calificaciones\Ejercicio_Calificaciones.csproj", "{037571B6-2016-4A72-AF1A-2B4F479DC36E}"
EndProject
Project("{FAE04EC0-301F-11D3-BF4B-00C04F79EFBC}") = "Ejercicio_Calificaciones1", "Ejercicio_Calificaciones1\Ejercicio_Calificaciones1.csproj", "{7897B7DC-9BA2-4C72-9AEB-4822ECA2714C}"
EndProject
Project("{FAE04EC0-301F-11D3-BF4B-00C04F79EFBC}") = "Ejercicio6", "Ejercicio6\Ejercicio6.csproj", "{FAC82537-372E-4B0E-972B-E48F993AACED}"
EndProject
Project("{FAE04EC0-301F-11D3-BF4B-00C04F79EFBC}") = "FuncionSumarxd", "FuncionSumarxd\FuncionSumarxd.csproj", "{C0D8459E-91F2-4398-86B6-94AE42192610}"
EndProject
Project("{FAE04EC0-301F-11D3-BF4B-00C04F79EFBC}") = "Sistema_NIP", "Sistema_NIP\Sistema_NIP.csproj", "{9071C5AE-7272-40D5-8467-7C9BCA61FAFB}"
EndProject
Project("{FAE04EC0-301F-11D3-BF4B-00C04F79EFBC}") = "Adivinar_Un_Numero", "Adivinar_Un_Numero\Adivinar_Un_Numero.csproj", "{B32066CD-8F05-4048-A43D-B99E12F4B295}"
EndProject
Project("{FAE04EC0-301F-11D3-BF4B-00C04F79EFBC}") = "Determinar_SiUnNumero_Tiene_3Digitos", "Determinar_SiUnNumero_Tiene_3Digitos\Determinar_SiUnNumero_Tiene_3Digitos.csproj", "{5C4C844D-D70F-4F32-8CA3-14151261190D}"
EndProject
Project("{FAE04EC0-301F-11D3-BF4B-00C04F79EFBC}") = "Ejercicio_5", "Ejercicio_5\Ejercicio_5.csproj", "{56D7484C-ED5C-4699-B3C5-ABD8CCA7A124}"
EndProject
Project("{FAE04EC0-301F-11D3-BF4B-00C04F79EFBC}") = "Ejercicio_6", "Ejercicio_6\Ejercicio_6.csproj", "{BB77BC76-FD46-43B9-8736-11286F6CF831}"
EndProject
Project("{FAE04EC0-301F-11D3-BF4B-00C04F79EFBC}") = "Ejercicio Fibonacci", "Ejercicio Fibonacci\Ejercicio Fibonacci.csproj", "{6283B345-39CF-4198-ADB0-6F68F4ED3CE5}"
EndProject
Project("{FAE04EC0-301F-11D3-BF4B-00C04F79EFBC}") = "Suma_NumerosArrays", "Suma_NumerosArrays\Suma_NumerosArrays.csproj", "{544734BB-06B8-422A-82A9-22A014BABCA3}"
EndProject
Project("{FAE04EC0-301F-11D3-BF4B-00C04F79EFBC}") = "HipotenusaDeUnCateto", "HipotenusaDeUnCateto\HipotenusaDeUnCateto.csproj", "{4D8D3F38-928C-4421-8CA0-213D0EA7ED61}"
EndProject
Project("{FAE04EC0-301F-11D3-BF4B-00C04F79EFBC}") = "Ejercicio7", "Ejercicio7\Ejercicio7.csproj", "{B27304B6-3B39-4C1C-83C6-0077661926E3}"
EndProject
Global
	GlobalSection(SolutionConfigurationPlatforms) = preSolution
		Debug|Any CPU = Debug|Any CPU
		Debug|x64 = Debug|x64
		Debug|x86 = Debug|x86
		Release|Any CPU = Release|Any CPU
		Release|x64 = Release|x64
		Release|x86 = Release|x86
	EndGlobalSection
	GlobalSection(ProjectConfigurationPlatforms) = postSolution
		{E3A1964A-56E6-4ED7-BD15-D13EF12064EF}.Debug|Any CPU.ActiveCfg = Debug|Any CPU
		{E3A1964A-56E6-4ED7-BD15-D13EF12064EF}.Debug|Any CPU.Build.0 = Debug|Any CPU
		{E3A1964A-56E6-4ED7-BD15-D13EF12064EF}.Debug|x64.ActiveCfg = Debug|Any CPU
		{E3A1964A-56E6-4ED7-BD15-D13EF12064EF}.Debug|x64.Build.0 = Debug|Any CPU
		{E3A1964A-56E6-4ED7-BD15-D13EF12064EF}.Debug|x86.ActiveCfg = Debug|Any CPU
		{E3A1964A-56E6-4ED7-BD15-D13EF12064EF}.Debug|x86.Build.0 = Debug|Any CPU
		{E3A1964A-56E6-4ED7-BD15-D13EF12064EF}.Release|Any CPU.ActiveCfg = Release|Any CPU
		{E3A1964A-56E6-4ED7-BD15-D13EF12064EF}.Release|Any CPU.Build.0 = Release|Any CPU
		{E3A1964A-56E6-4ED7-BD15-D13EF12064EF}.Release|x64.ActiveCfg = Release|Any CPU
		{E3A1964A-56E6-4ED7-BD15-D13EF12064EF}.Release|x64.Build.0 = Release|Any CPU
		{E3A1964A-56E6-4ED7-BD15-D13EF12064EF}.Release|x86.ActiveCfg = Release|Any CPU
		{E3A1964A-56E6-4ED7-BD15-D13EF12064EF}.Release|x86.Build.0 = Release|Any CPU
		{C2AC17A1-3A54-4EA8-B09C-2792BBC886F3}.Debug|Any CPU.ActiveCfg = Debug|Any CPU
		{C2AC17A1-3A54-4EA8-B09C-2792BBC886F3}.Debug|Any CPU.Build.0 = Debug|Any CPU
		{C2AC17A1-3A54-4EA8-B09C-2792BBC886F3}.Debug|x64.ActiveCfg = Debug|Any CPU
		{C2AC17A1-3A54-4EA8-B09C-2792BBC886F3}.Debug|x64.Build.0 = Debug|Any CPU
		{C2AC17A1-3A54-4EA8-B09C-2792BBC886F3}.Debug|x86.ActiveCfg = Debug|Any CPU
		{C2AC17A1-3A54-4EA8-B09C-2792BBC886F3}.Debug|x86.Build.0 = Debug|Any CPU
		{C2AC17A1-3A54-4EA8-B09C-2792BBC886F3}.Release|Any CPU.ActiveCfg = Release|Any CPU
		{C2AC17A1-3A54-4EA8-B09C-2792BBC886F3}.Release|Any CPU.Build.0 = Release|Any CPU
		{C2AC17A1-3A54-4EA8-B09C-2792BBC886F3}.Release|x64.ActiveCfg = Release|Any CPU
		{C2AC17A1-3A54-4EA8-B09C-2792BBC886F3}.Release|x64.Build.0 = Release|Any CPU
		{C2AC17A1-3A54-4EA8-B09C-2792BBC886F3}.Release|x86.ActiveCfg = Release|Any CPU
		{C2AC17A1-3A54-4EA8-B09C-2792BBC886F3}.Release|x86.Build.0 = Release|Any CPU
		{E45265EF-DBD3-4D41-9FF3-380AA97A18E3}.Debug|Any CPU.ActiveCfg = Debug|Any CPU
		{E45265EF-DBD3-4D41-9FF3-380AA97A18E3}.Debug|Any CPU.Build.0 = Debug|Any CPU
		{E45265EF-DBD3-4D41-9FF3-380AA97A18E3}.Debug|x64.ActiveCfg = Debug|Any CPU
		{E45265EF-DBD3-4D41-9FF3-380AA97A18E3}.Debug|x64.Build.0 = Debug|Any CPU
		{E45265EF-DBD3-4D41-9FF3-380AA97A18E3}.Debug|x86.ActiveCfg = Debug|Any CPU
		{E45265EF-DBD3-4D41-9FF3-380AA97A18E3}.Debug|x86.Build.0 = Debug|Any CPU
		{E45265EF-DBD3-4D41-9FF3-380AA97A18E3}.Release|Any CPU.ActiveCfg = Release|Any CPU
		{E45265EF-DBD3-4D41-9FF3-380AA97A18E3}.Release|Any CPU.Build.0 = Release|Any CPU
		{E45265EF-DBD3-4D41-9FF3-380AA97A18E3}.Release|x64.ActiveCfg = Release|Any CPU
		{E45265EF-DBD3-4D41-9FF3-380AA97A18E3}.Release|x64.Build.0 = Release|Any CPU
		{E45265EF-DBD3-4D41-9FF3-380AA97A18E3}.Release|x86.ActiveCfg = Release|Any CPU
		{E45265EF-DBD3-4D41-9FF3-380AA97A18E3}.Release|x86.Build.0 = Release|Any CPU
		{C9DCA64D-46A8-43AB-BA61-7D91713FE8C6}.Debug|Any CPU.ActiveCfg = Debug|Any CPU
		{C9DCA64D-46A8-43AB-BA61-7D91713FE8C6}.Debug|Any CPU.Build.0 = Debug|Any CPU
		{C9DCA64D-46A8-43AB-BA61-7D91713FE8C6}.Debug|x64.ActiveCfg = Debug|Any CPU
		{C9DCA64D-46A8-43AB-BA61-7D91713FE8C6}.Debug|x64.Build.0 = Debug|Any CPU
		{C9DCA64D-46A8-43AB-BA61-7D91713FE8C6}.Debug|x86.ActiveCfg = Debug|Any CPU
		{C9DCA64D-46A8-43AB-BA61-7D91713FE8C6}.Debug|x86.Build.0 = Debug|Any CPU
		{C9DCA64D-46A8-43AB-BA61-7D91713FE8C6}.Release|Any CPU.ActiveCfg = Release|Any CPU
		{C9DCA64D-46A8-43AB-BA61-7D91713FE8C6}.Release|Any CPU.Build.0 = Release|Any CPU
		{C9DCA64D-46A8-43AB-BA61-7D91713FE8C6}.Release|x64.ActiveCfg = Release|Any CPU
		{C9DCA64D-46A8-43AB-BA61-7D91713FE8C6}.Release|x64.Build.0 = Release|Any CPU
		{C9DCA64D-46A8-43AB-BA61-7D91713FE8C6}.Release|x86.ActiveCfg = Release|Any CPU
		{C9DCA64D-46A8-43AB-BA61-7D91713FE8C6}.Release|x86.Build.0 = Release|Any CPU
		{8B780DD5-B859-4F61-8A64-3B9222F11AB6}.Debug|Any CPU.ActiveCfg = Debug|Any CPU
		{8B780DD5-B859-4F61-8A64-3B9222F11AB6}.Debug|Any CPU.Build.0 = Debug|Any CPU
		{8B780DD5-B859-4F61-8A64-3B9222F11AB6}.Debug|x64.ActiveCfg = Debug|Any CPU
		{8B780DD5-B859-4F61-8A64-3B9222F11AB6}.Debug|x64.Build.0 = Debug|Any CPU
		{8B780DD5-B859-4F61-8A64-3B9222F11AB6}.Debug|x86.ActiveCfg = Debug|Any CPU
		{8B780DD5-B859-4F61-8A64-3B9222F11AB6}.Debug|x86.Build.0 = Debug|Any CPU
		{8B780DD5-B859-4F61-8A64-3B9222F11AB6}.Release|Any CPU.ActiveCfg = Release|Any CPU
		{8B780DD5-B859-4F61-8A64-3B9222F11AB6}.Release|Any CPU.Build.0 = Release|Any CPU
		{8B780DD5-B859-4F61-8A64-3B9222F11AB6}.Release|x64.ActiveCfg = Release|Any CPU
		{8B780DD5-B859-4F61-8A64-3B9222F11AB6}.Release|x64.Build.0 = Release|Any CPU
		{8B780DD5-B859-4F61-8A64-3B9222F11AB6}.Release|x86.ActiveCfg = Release|Any CPU
		{8B780DD5-B859-4F61-8A64-3B9222F11AB6}.Release|x86.Build.0 = Release|Any CPU
		{BBFE2FFA-0D0C-4F3D-BA3A-A5864F9CBD57}.Debug|Any CPU.ActiveCfg = Debug|Any CPU
		{BBFE2FFA-0D0C-4F3D-BA3A-A5864F9CBD57}.Debug|Any CPU.Build.0 = Debug|Any CPU
		{BBFE2FFA-0D0C-4F3D-BA3A-A5864F9CBD57}.Debug|x64.ActiveCfg = Debug|Any CPU
		{BBFE2FFA-0D0C-4F3D-BA3A-A5864F9CBD57}.Debug|x64.Build.0 = Debug|Any CPU
		{BBFE2FFA-0D0C-4F3D-BA3A-A5864F9CBD57}.Debug|x86.ActiveCfg = Debug|Any CPU
		{BBFE2FFA-0D0C-4F3D-BA3A-A5864F9CBD57}.Debug|x86.Build.0 = Debug|Any CPU
		{BBFE2FFA-0D0C-4F3D-BA3A-A5864F9CBD57}.Release|Any CPU.ActiveCfg = Release|Any CPU
		{BBFE2FFA-0D0C-4F3D-BA3A-A5864F9CBD57}.Release|Any CPU.Build.0 = Release|Any CPU
		{BBFE2FFA-0D0C-4F3D-BA3A-A5864F9CBD57}.Release|x64.ActiveCfg = Release|Any CPU
		{BBFE2FFA-0D0C-4F3D-BA3A-A5864F9CBD57}.Release|x64.Build.0 = Release|Any CPU
		{BBFE2FFA-0D0C-4F3D-BA3A-A5864F9CBD57}.Release|x86.ActiveCfg = Release|Any CPU
		{BBFE2FFA-0D0C-4F3D-BA3A-A5864F9CBD57}.Release|x86.Build.0 = Release|Any CPU
		{B4054782-0F84-413E-9F29-5896BCD24099}.Debug|Any CPU.ActiveCfg = Debug|Any CPU
		{B4054782-0F84-413E-9F29-5896BCD24099}.Debug|Any CPU.Build.0 = Debug|Any CPU
		{B4054782-0F84-413E-9F29-5896BCD24099}.Debug|x64.ActiveCfg = Debug|Any CPU
		{B4054782-0F84-413E-9F29-5896BCD24099}.Debug|x64.Build.0 = Debug|Any CPU
		{B4054782-0F84-413E-9F29-5896BCD24099}.Debug|x86.ActiveCfg = Debug|Any CPU
		{B4054782-0F84-413E-9F29-5896BCD24099}.Debug|x86.Build.0 = Debug|Any CPU
		{B4054782-0F84-413E-9F29-5896BCD24099}.Release|Any CPU.ActiveCfg = Release|Any CPU
		{B4054782-0F84-413E-9F29-5896BCD24099}.Release|Any CPU.Build.0 = Release|Any CPU
		{B4054782-0F84-413E-9F29-5896BCD24099}.Release|x64.ActiveCfg = Release|Any CPU
		{B4054782-0F84-413E-9F29-5896BCD24099}.Release|x64.Build.0 = Release|Any CPU
		{B4054782-0F84-413E-9F29-5896BCD24099}.Release|x86.ActiveCfg = Release|Any CPU
		{B4054782-0F84-413E-9F29-5896BCD24099}.Release|x86.Build.0 = Release|Any CPU
		{4801EE47-3648-45C3-830A-214956711AEA}.Debug|Any CPU.ActiveCfg = Debug|Any CPU
		{4801EE47-3648-45C3-830A-214956711AEA}.Debug|Any CPU.Build.0 = Debug|Any CPU
		{4801EE47-3648-45C3-830A-214956711AEA}.Debug|x64.ActiveCfg = Debug|Any CPU
		{4801EE47-3648-45C3-830A-214956711AEA}.Debug|x64.Build.0 = Debug|Any CPU
		{4801EE47-3648-45C3-830A-214956711AEA}.Debug|x86.ActiveCfg = Debug|Any CPU
		{4801EE47-3648-45C3-830A-214956711AEA}.Debug|x86.Build.0 = Debug|Any CPU
		{4801EE47-3648-45C3-830A-214956711AEA}.Release|Any CPU.ActiveCfg = Release|Any CPU
		{4801EE47-3648-45C3-830A-214956711AEA}.Release|Any CPU.Build.0 = Release|Any CPU
		{4801EE47-3648-45C3-830A-214956711AEA}.Release|x64.ActiveCfg = Release|Any CPU
		{4801EE47-3648-45C3-830A-214956711AEA}.Release|x64.Build.0 = Release|Any CPU
		{4801EE47-3648-45C3-830A-214956711AEA}.Release|x86.ActiveCfg = Release|Any CPU
		{4801EE47-3648-45C3-830A-214956711AEA}.Release|x86.Build.0 = Release|Any CPU
		{363F21A4-0370-4CD5-99BE-D22E891EA4BF}.Debug|Any CPU.ActiveCfg = Debug|Any CPU
		{363F21A4-0370-4CD5-99BE-D22E891EA4BF}.Debug|Any CPU.Build.0 = Debug|Any CPU
		{363F21A4-0370-4CD5-99BE-D22E891EA4BF}.Debug|x64.ActiveCfg = Debug|Any CPU
		{363F21A4-0370-4CD5-99BE-D22E891EA4BF}.Debug|x64.Build.0 = Debug|Any CPU
		{363F21A4-0370-4CD5-99BE-D22E891EA4BF}.Debug|x86.ActiveCfg = Debug|Any CPU
		{363F21A4-0370-4CD5-99BE-D22E891EA4BF}.Debug|x86.Build.0 = Debug|Any CPU
		{363F21A4-0370-4CD5-99BE-D22E891EA4BF}.Release|Any CPU.ActiveCfg = Release|Any CPU
		{363F21A4-0370-4CD5-99BE-D22E891EA4BF}.Release|Any CPU.Build.0 = Release|Any CPU
		{363F21A4-0370-4CD5-99BE-D22E891EA4BF}.Release|x64.ActiveCfg = Release|Any CPU
		{363F21A4-0370-4CD5-99BE-D22E891EA4BF}.Release|x64.Build.0 = Release|Any CPU
		{363F21A4-0370-4CD5-99BE-D22E891EA4BF}.Release|x86.ActiveCfg = Release|Any CPU
		{363F21A4-0370-4CD5-99BE-D22E891EA4BF}.Release|x86.Build.0 = Release|Any CPU
		{7EEF4D42-E4A6-44C4-9892-706F488EA672}.Debug|Any CPU.ActiveCfg = Debug|Any CPU
		{7EEF4D42-E4A6-44C4-9892-706F488EA672}.Debug|Any CPU.Build.0 = Debug|Any CPU
		{7EEF4D42-E4A6-44C4-9892-706F488EA672}.Debug|x64.ActiveCfg = Debug|Any CPU
		{7EEF4D42-E4A6-44C4-9892-706F488EA672}.Debug|x64.Build.0 = Debug|Any CPU
		{7EEF4D42-E4A6-44C4-9892-706F488EA672}.Debug|x86.ActiveCfg = Debug|Any CPU
		{7EEF4D42-E4A6-44C4-9892-706F488EA672}.Debug|x86.Build.0 = Debug|Any CPU
		{7EEF4D42-E4A6-44C4-9892-706F488EA672}.Release|Any CPU.ActiveCfg = Release|Any CPU
		{7EEF4D42-E4A6-44C4-9892-706F488EA672}.Release|Any CPU.Build.0 = Release|Any CPU
		{7EEF4D42-E4A6-44C4-9892-706F488EA672}.Release|x64.ActiveCfg = Release|Any CPU
		{7EEF4D42-E4A6-44C4-9892-706F488EA672}.Release|x64.Build.0 = Release|Any CPU
		{7EEF4D42-E4A6-44C4-9892-706F488EA672}.Release|x86.ActiveCfg = Release|Any CPU
		{7EEF4D42-E4A6-44C4-9892-706F488EA672}.Release|x86.Build.0 = Release|Any CPU
		{D3456813-54C1-4054-ACA6-72CA4E3DC213}.Debug|Any CPU.ActiveCfg = Debug|Any CPU
		{D3456813-54C1-4054-ACA6-72CA4E3DC213}.Debug|Any CPU.Build.0 = Debug|Any CPU
		{D3456813-54C1-4054-ACA6-72CA4E3DC213}.Debug|x64.ActiveCfg = Debug|Any CPU
		{D3456813-54C1-4054-ACA6-72CA4E3DC213}.Debug|x64.Build.0 = Debug|Any CPU
		{D3456813-54C1-4054-ACA6-72CA4E3DC213}.Debug|x86.ActiveCfg = Debug|Any CPU
		{D3456813-54C1-4054-ACA6-72CA4E3DC213}.Debug|x86.Build.0 = Debug|Any CPU
		{D3456813-54C1-4054-ACA6-72CA4E3DC213}.Release|Any CPU.ActiveCfg = Release|Any CPU
		{D3456813-54C1-4054-ACA6-72CA4E3DC213}.Release|Any CPU.Build.0 = Release|Any CPU
		{D3456813-54C1-4054-ACA6-72CA4E3DC213}.Release|x64.ActiveCfg = Release|Any CPU
		{D3456813-54C1-4054-ACA6-72CA4E3DC213}.Release|x64.Build.0 = Release|Any CPU
		{D3456813-54C1-4054-ACA6-72CA4E3DC213}.Release|x86.ActiveCfg = Release|Any CPU
		{D3456813-54C1-4054-ACA6-72CA4E3DC213}.Release|x86.Build.0 = Release|Any CPU
		{67BA5BC8-19CC-4574-B5F1-D3A83244E175}.Debug|Any CPU.ActiveCfg = Debug|Any CPU
		{67BA5BC8-19CC-4574-B5F1-D3A83244E175}.Debug|Any CPU.Build.0 = Debug|Any CPU
		{67BA5BC8-19CC-4574-B5F1-D3A83244E175}.Debug|x64.ActiveCfg = Debug|Any CPU
		{67BA5BC8-19CC-4574-B5F1-D3A83244E175}.Debug|x64.Build.0 = Debug|Any CPU
		{67BA5BC8-19CC-4574-B5F1-D3A83244E175}.Debug|x86.ActiveCfg = Debug|Any CPU
		{67BA5BC8-19CC-4574-B5F1-D3A83244E175}.Debug|x86.Build.0 = Debug|Any CPU
		{67BA5BC8-19CC-4574-B5F1-D3A83244E175}.Release|Any CPU.ActiveCfg = Release|Any CPU
		{67BA5BC8-19CC-4574-B5F1-D3A83244E175}.Release|Any CPU.Build.0 = Release|Any CPU
		{67BA5BC8-19CC-4574-B5F1-D3A83244E175}.Release|x64.ActiveCfg = Release|Any CPU
		{67BA5BC8-19CC-4574-B5F1-D3A83244E175}.Release|x64.Build.0 = Release|Any CPU
		{67BA5BC8-19CC-4574-B5F1-D3A83244E175}.Release|x86.ActiveCfg = Release|Any CPU
		{67BA5BC8-19CC-4574-B5F1-D3A83244E175}.Release|x86.Build.0 = Release|Any CPU
		{00559139-D333-45E3-B716-10B51E4C1007}.Debug|Any CPU.ActiveCfg = Debug|Any CPU
		{00559139-D333-45E3-B716-10B51E4C1007}.Debug|Any CPU.Build.0 = Debug|Any CPU
		{00559139-D333-45E3-B716-10B51E4C1007}.Debug|x64.ActiveCfg = Debug|Any CPU
		{00559139-D333-45E3-B716-10B51E4C1007}.Debug|x64.Build.0 = Debug|Any CPU
		{00559139-D333-45E3-B716-10B51E4C1007}.Debug|x86.ActiveCfg = Debug|Any CPU
		{00559139-D333-45E3-B716-10B51E4C1007}.Debug|x86.Build.0 = Debug|Any CPU
		{00559139-D333-45E3-B716-10B51E4C1007}.Release|Any CPU.ActiveCfg = Release|Any CPU
		{00559139-D333-45E3-B716-10B51E4C1007}.Release|Any CPU.Build.0 = Release|Any CPU
		{00559139-D333-45E3-B716-10B51E4C1007}.Release|x64.ActiveCfg = Release|Any CPU
		{00559139-D333-45E3-B716-10B51E4C1007}.Release|x64.Build.0 = Release|Any CPU
		{00559139-D333-45E3-B716-10B51E4C1007}.Release|x86.ActiveCfg = Release|Any CPU
		{00559139-D333-45E3-B716-10B51E4C1007}.Release|x86.Build.0 = Release|Any CPU
		{B0BEB226-4A0A-489D-A05B-0E212C3357E9}.Debug|Any CPU.ActiveCfg = Debug|Any CPU
		{B0BEB226-4A0A-489D-A05B-0E212C3357E9}.Debug|Any CPU.Build.0 = Debug|Any CPU
		{B0BEB226-4A0A-489D-A05B-0E212C3357E9}.Debug|x64.ActiveCfg = Debug|Any CPU
		{B0BEB226-4A0A-489D-A05B-0E212C3357E9}.Debug|x64.Build.0 = Debug|Any CPU
		{B0BEB226-4A0A-489D-A05B-0E212C3357E9}.Debug|x86.ActiveCfg = Debug|Any CPU
		{B0BEB226-4A0A-489D-A05B-0E212C3357E9}.Debug|x86.Build.0 = Debug|Any CPU
		{B0BEB226-4A0A-489D-A05B-0E212C3357E9}.Release|Any CPU.ActiveCfg = Release|Any CPU
		{B0BEB226-4A0A-489D-A05B-0E212C3357E9}.Release|Any CPU.Build.0 = Release|Any CPU
		{B0BEB226-4A0A-489D-A05B-0E212C3357E9}.Release|x64.ActiveCfg = Release|Any CPU
		{B0BEB226-4A0A-489D-A05B-0E212C3357E9}.Release|x64.Build.0 = Release|Any CPU
		{B0BEB226-4A0A-489D-A05B-0E212C3357E9}.Release|x86.ActiveCfg = Release|Any CPU
		{B0BEB226-4A0A-489D-A05B-0E212C3357E9}.Release|x86.Build.0 = Release|Any CPU
		{037571B6-2016-4A72-AF1A-2B4F479DC36E}.Debug|Any CPU.ActiveCfg = Debug|Any CPU
		{037571B6-2016-4A72-AF1A-2B4F479DC36E}.Debug|Any CPU.Build.0 = Debug|Any CPU
		{037571B6-2016-4A72-AF1A-2B4F479DC36E}.Debug|x64.ActiveCfg = Debug|Any CPU
		{037571B6-2016-4A72-AF1A-2B4F479DC36E}.Debug|x64.Build.0 = Debug|Any CPU
		{037571B6-2016-4A72-AF1A-2B4F479DC36E}.Debug|x86.ActiveCfg = Debug|Any CPU
		{037571B6-2016-4A72-AF1A-2B4F479DC36E}.Debug|x86.Build.0 = Debug|Any CPU
		{037571B6-2016-4A72-AF1A-2B4F479DC36E}.Release|Any CPU.ActiveCfg = Release|Any CPU
		{037571B6-2016-4A72-AF1A-2B4F479DC36E}.Release|Any CPU.Build.0 = Release|Any CPU
		{037571B6-2016-4A72-AF1A-2B4F479DC36E}.Release|x64.ActiveCfg = Release|Any CPU
		{037571B6-2016-4A72-AF1A-2B4F479DC36E}.Release|x64.Build.0 = Release|Any CPU
		{037571B6-2016-4A72-AF1A-2B4F479DC36E}.Release|x86.ActiveCfg = Release|Any CPU
		{037571B6-2016-4A72-AF1A-2B4F479DC36E}.Release|x86.Build.0 = Release|Any CPU
		{7897B7DC-9BA2-4C72-9AEB-4822ECA2714C}.Debug|Any CPU.ActiveCfg = Debug|Any CPU
		{7897B7DC-9BA2-4C72-9AEB-4822ECA2714C}.Debug|Any CPU.Build.0 = Debug|Any CPU
		{7897B7DC-9BA2-4C72-9AEB-4822ECA2714C}.Debug|x64.ActiveCfg = Debug|Any CPU
		{7897B7DC-9BA2-4C72-9AEB-4822ECA2714C}.Debug|x64.Build.0 = Debug|Any CPU
		{7897B7DC-9BA2-4C72-9AEB-4822ECA2714C}.Debug|x86.ActiveCfg = Debug|Any CPU
		{7897B7DC-9BA2-4C72-9AEB-4822ECA2714C}.Debug|x86.Build.0 = Debug|Any CPU
		{7897B7DC-9BA2-4C72-9AEB-4822ECA2714C}.Release|Any CPU.ActiveCfg = Release|Any CPU
		{7897B7DC-9BA2-4C72-9AEB-4822ECA2714C}.Release|Any CPU.Build.0 = Release|Any CPU
		{7897B7DC-9BA2-4C72-9AEB-4822ECA2714C}.Release|x64.ActiveCfg = Release|Any CPU
		{7897B7DC-9BA2-4C72-9AEB-4822ECA2714C}.Release|x64.Build.0 = Release|Any CPU
		{7897B7DC-9BA2-4C72-9AEB-4822ECA2714C}.Release|x86.ActiveCfg = Release|Any CPU
		{7897B7DC-9BA2-4C72-9AEB-4822ECA2714C}.Release|x86.Build.0 = Release|Any CPU
		{FAC82537-372E-4B0E-972B-E48F993AACED}.Debug|Any CPU.ActiveCfg = Debug|Any CPU
		{FAC82537-372E-4B0E-972B-E48F993AACED}.Debug|Any CPU.Build.0 = Debug|Any CPU
		{FAC82537-372E-4B0E-972B-E48F993AACED}.Debug|x64.ActiveCfg = Debug|Any CPU
		{FAC82537-372E-4B0E-972B-E48F993AACED}.Debug|x64.Build.0 = Debug|Any CPU
		{FAC82537-372E-4B0E-972B-E48F993AACED}.Debug|x86.ActiveCfg = Debug|Any CPU
		{FAC82537-372E-4B0E-972B-E48F993AACED}.Debug|x86.Build.0 = Debug|Any CPU
		{FAC82537-372E-4B0E-972B-E48F993AACED}.Release|Any CPU.ActiveCfg = Release|Any CPU
		{FAC82537-372E-4B0E-972B-E48F993AACED}.Release|Any CPU.Build.0 = Release|Any CPU
		{FAC82537-372E-4B0E-972B-E48F993AACED}.Release|x64.ActiveCfg = Release|Any CPU
		{FAC82537-372E-4B0E-972B-E48F993AACED}.Release|x64.Build.0 = Release|Any CPU
		{FAC82537-372E-4B0E-972B-E48F993AACED}.Release|x86.ActiveCfg = Release|Any CPU
		{FAC82537-372E-4B0E-972B-E48F993AACED}.Release|x86.Build.0 = Release|Any CPU
		{C0D8459E-91F2-4398-86B6-94AE42192610}.Debug|Any CPU.ActiveCfg = Debug|Any CPU
		{C0D8459E-91F2-4398-86B6-94AE42192610}.Debug|Any CPU.Build.0 = Debug|Any CPU
		{C0D8459E-91F2-4398-86B6-94AE42192610}.Debug|x64.ActiveCfg = Debug|Any CPU
		{C0D8459E-91F2-4398-86B6-94AE42192610}.Debug|x64.Build.0 = Debug|Any CPU
		{C0D8459E-91F2-4398-86B6-94AE42192610}.Debug|x86.ActiveCfg = Debug|Any CPU
		{C0D8459E-91F2-4398-86B6-94AE42192610}.Debug|x86.Build.0 = Debug|Any CPU
		{C0D8459E-91F2-4398-86B6-94AE42192610}.Release|Any CPU.ActiveCfg = Release|Any CPU
		{C0D8459E-91F2-4398-86B6-94AE42192610}.Release|Any CPU.Build.0 = Release|Any CPU
		{C0D8459E-91F2-4398-86B6-94AE42192610}.Release|x64.ActiveCfg = Release|Any CPU
		{C0D8459E-91F2-4398-86B6-94AE42192610}.Release|x64.Build.0 = Release|Any CPU
		{C0D8459E-91F2-4398-86B6-94AE42192610}.Release|x86.ActiveCfg = Release|Any CPU
		{C0D8459E-91F2-4398-86B6-94AE42192610}.Release|x86.Build.0 = Release|Any CPU
		{9071C5AE-7272-40D5-8467-7C9BCA61FAFB}.Debug|Any CPU.ActiveCfg = Debug|Any CPU
		{9071C5AE-7272-40D5-8467-7C9BCA61FAFB}.Debug|Any CPU.Build.0 = Debug|Any CPU
		{9071C5AE-7272-40D5-8467-7C9BCA61FAFB}.Debug|x64.ActiveCfg = Debug|Any CPU
		{9071C5AE-7272-40D5-8467-7C9BCA61FAFB}.Debug|x64.Build.0 = Debug|Any CPU
		{9071C5AE-7272-40D5-8467-7C9BCA61FAFB}.Debug|x86.ActiveCfg = Debug|Any CPU
		{9071C5AE-7272-40D5-8467-7C9BCA61FAFB}.Debug|x86.Build.0 = Debug|Any CPU
		{9071C5AE-7272-40D5-8467-7C9BCA61FAFB}.Release|Any CPU.ActiveCfg = Release|Any CPU
		{9071C5AE-7272-40D5-8467-7C9BCA61FAFB}.Release|Any CPU.Build.0 = Release|Any CPU
		{9071C5AE-7272-40D5-8467-7C9BCA61FAFB}.Release|x64.ActiveCfg = Release|Any CPU
		{9071C5AE-7272-40D5-8467-7C9BCA61FAFB}.Release|x64.Build.0 = Release|Any CPU
		{9071C5AE-7272-40D5-8467-7C9BCA61FAFB}.Release|x86.ActiveCfg = Release|Any CPU
		{9071C5AE-7272-40D5-8467-7C9BCA61FAFB}.Release|x86.Build.0 = Release|Any CPU
		{B32066CD-8F05-4048-A43D-B99E12F4B295}.Debug|Any CPU.ActiveCfg = Debug|Any CPU
		{B32066CD-8F05-4048-A43D-B99E12F4B295}.Debug|Any CPU.Build.0 = Debug|Any CPU
		{B32066CD-8F05-4048-A43D-B99E12F4B295}.Debug|x64.ActiveCfg = Debug|Any CPU
		{B32066CD-8F05-4048-A43D-B99E12F4B295}.Debug|x64.Build.0 = Debug|Any CPU
		{B32066CD-8F05-4048-A43D-B99E12F4B295}.Debug|x86.ActiveCfg = Debug|Any CPU
		{B32066CD-8F05-4048-A43D-B99E12F4B295}.Debug|x86.Build.0 = Debug|Any CPU
		{B32066CD-8F05-4048-A43D-B99E12F4B295}.Release|Any CPU.ActiveCfg = Release|Any CPU
		{B32066CD-8F05-4048-A43D-B99E12F4B295}.Release|Any CPU.Build.0 = Release|Any CPU
		{B32066CD-8F05-4048-A43D-B99E12F4B295}.Release|x64.ActiveCfg = Release|Any CPU
		{B32066CD-8F05-4048-A43D-B99E12F4B295}.Release|x64.Build.0 = Release|Any CPU
		{B32066CD-8F05-4048-A43D-B99E12F4B295}.Release|x86.ActiveCfg = Release|Any CPU
		{B32066CD-8F05-4048-A43D-B99E12F4B295}.Release|x86.Build.0 = Release|Any CPU
		{5C4C844D-D70F-4F32-8CA3-14151261190D}.Debug|Any CPU.ActiveCfg = Debug|Any CPU
		{5C4C844D-D70F-4F32-8CA3-14151261190D}.Debug|Any CPU.Build.0 = Debug|Any CPU
		{5C4C844D-D70F-4F32-8CA3-14151261190D}.Debug|x64.ActiveCfg = Debug|Any CPU
		{5C4C844D-D70F-4F32-8CA3-14151261190D}.Debug|x64.Build.0 = Debug|Any CPU
		{5C4C844D-D70F-4F32-8CA3-14151261190D}.Debug|x86.ActiveCfg = Debug|Any CPU
		{5C4C844D-D70F-4F32-8CA3-14151261190D}.Debug|x86.Build.0 = Debug|Any CPU
		{5C4C844D-D70F-4F32-8CA3-14151261190D}.Release|Any CPU.ActiveCfg = Release|Any CPU
		{5C4C844D-D70F-4F32-8CA3-14151261190D}.Release|Any CPU.Build.0 = Release|Any CPU
		{5C4C844D-D70F-4F32-8CA3-14151261190D}.Release|x64.ActiveCfg = Release|Any CPU
		{5C4C844D-D70F-4F32-8CA3-14151261190D}.Release|x64.Build.0 = Release|Any CPU
		{5C4C844D-D70F-4F32-8CA3-14151261190D}.Release|x86.ActiveCfg = Release|Any CPU
		{5C4C844D-D70F-4F32-8CA3-14151261190D}.Release|x86.Build.0 = Release|Any CPU
		{56D7484C-ED5C-4699-B3C5-ABD8CCA7A124}.Debug|Any CPU.ActiveCfg = Debug|Any CPU
		{56D7484C-ED5C-4699-B3C5-ABD8CCA7A124}.Debug|Any CPU.Build.0 = Debug|Any CPU
		{56D7484C-ED5C-4699-B3C5-ABD8CCA7A124}.Debug|x64.ActiveCfg = Debug|Any CPU
		{56D7484C-ED5C-4699-B3C5-ABD8CCA7A124}.Debug|x64.Build.0 = Debug|Any CPU
		{56D7484C-ED5C-4699-B3C5-ABD8CCA7A124}.Debug|x86.ActiveCfg = Debug|Any CPU
		{56D7484C-ED5C-4699-B3C5-ABD8CCA7A124}.Debug|x86.Build.0 = Debug|Any CPU
		{56D7484C-ED5C-4699-B3C5-ABD8CCA7A124}.Release|Any CPU.ActiveCfg = Release|Any CPU
		{56D7484C-ED5C-4699-B3C5-ABD8CCA7A124}.Release|Any CPU.Build.0 = Release|Any CPU
		{56D7484C-ED5C-4699-B3C5-ABD8CCA7A124}.Release|x64.ActiveCfg = Release|Any CPU
		{56D7484C-ED5C-4699-B3C5-ABD8CCA7A124}.Release|x64.Build.0 = Release|Any CPU
		{56D7484C-ED5C-4699-B3C5-ABD8CCA7A124}.Release|x86.ActiveCfg = Release|Any CPU
		{56D7484C-ED5C-4699-B3C5-ABD8CCA7A124}.Release|x86.Build.0 = Release|Any CPU
		{BB77BC76-FD46-43B9-8736-11286F6CF831}.Debug|Any CPU.ActiveCfg = Debug|Any CPU
		{BB77BC76-FD46-43B9-8736-11286F6CF831}.Debug|Any CPU.Build.0 = Debug|Any CPU
		{BB77BC76-FD46-43B9-8736-11286F6CF831}.Debug|x64.ActiveCfg = Debug|Any CPU
		{BB77BC76-FD46-43B9-8736-11286F6CF831}.Debug|x64.Build.0 = Debug|Any CPU
		{BB77BC76-FD46-43B9-8736-11286F6CF831}.Debug|x86.ActiveCfg = Debug|Any CPU
		{BB77BC76-FD46-43B9-8736-11286F6CF831}.Debug|x86.Build.0 = Debug|Any CPU
		{BB77BC76-FD46-43B9-8736-11286F6CF831}.Release|Any CPU.ActiveCfg = Release|Any CPU
		{BB77BC76-FD46-43B9-8736-11286F6CF831}.Release|Any CPU.Build.0 = Release|Any CPU
		{BB77BC76-FD46-43B9-8736-11286F6CF831}.Release|x64.ActiveCfg = Release|Any CPU
		{BB77BC76-FD46-43B9-8736-11286F6CF831}.Release|x64.Build.0 = Release|Any CPU
		{BB77BC76-FD46-43B9-8736-11286F6CF831}.Release|x86.ActiveCfg = Release|Any CPU
		{BB77BC76-FD46-43B9-8736-11286F6CF831}.Release|x86.Build.0 = Release|Any CPU
		{6283B345-39CF-4198-ADB0-6F68F4ED3CE5}.Debug|Any CPU.ActiveCfg = Debug|Any CPU
		{6283B345-39CF-4198-ADB0-6F68F4ED3CE5}.Debug|Any CPU.Build.0 = Debug|Any CPU
		{6283B345-39CF-4198-ADB0-6F68F4ED3CE5}.Debug|x64.ActiveCfg = Debug|Any CPU
		{6283B345-39CF-4198-ADB0-6F68F4ED3CE5}.Debug|x64.Build.0 = Debug|Any CPU
		{6283B345-39CF-4198-ADB0-6F68F4ED3CE5}.Debug|x86.ActiveCfg = Debug|Any CPU
		{6283B345-39CF-4198-ADB0-6F68F4ED3CE5}.Debug|x86.Build.0 = Debug|Any CPU
		{6283B345-39CF-4198-ADB0-6F68F4ED3CE5}.Release|Any CPU.ActiveCfg = Release|Any CPU
		{6283B345-39CF-4198-ADB0-6F68F4ED3CE5}.Release|Any CPU.Build.0 = Release|Any CPU
		{6283B345-39CF-4198-ADB0-6F68F4ED3CE5}.Release|x64.ActiveCfg = Release|Any CPU
		{6283B345-39CF-4198-ADB0-6F68F4ED3CE5}.Release|x64.Build.0 = Release|Any CPU
		{6283B345-39CF-4198-ADB0-6F68F4ED3CE5}.Release|x86.ActiveCfg = Release|Any CPU
		{6283B345-39CF-4198-ADB0-6F68F4ED3CE5}.Release|x86.Build.0 = Release|Any CPU
		{544734BB-06B8-422A-82A9-22A014BABCA3}.Debug|Any CPU.ActiveCfg = Debug|Any CPU
		{544734BB-06B8-422A-82A9-22A014BABCA3}.Debug|Any CPU.Build.0 = Debug|Any CPU
		{544734BB-06B8-422A-82A9-22A014BABCA3}.Debug|x64.ActiveCfg = Debug|Any CPU
		{544734BB-06B8-422A-82A9-22A014BABCA3}.Debug|x64.Build.0 = Debug|Any CPU
		{544734BB-06B8-422A-82A9-22A014BABCA3}.Debug|x86.ActiveCfg = Debug|Any CPU
		{544734BB-06B8-422A-82A9-22A014BABCA3}.Debug|x86.Build.0 = Debug|Any CPU
		{544734BB-06B8-422A-82A9-22A014BABCA3}.Release|Any CPU.ActiveCfg = Release|Any CPU
		{544734BB-06B8-422A-82A9-22A014BABCA3}.Release|Any CPU.Build.0 = Release|Any CPU
		{544734BB-06B8-422A-82A9-22A014BABCA3}.Release|x64.ActiveCfg = Release|Any CPU
		{544734BB-06B8-422A-82A9-22A014BABCA3}.Release|x64.Build.0 = Release|Any CPU
		{544734BB-06B8-422A-82A9-22A014BABCA3}.Release|x86.ActiveCfg = Release|Any CPU
		{544734BB-06B8-422A-82A9-22A014BABCA3}.Release|x86.Build.0 = Release|Any CPU
		{4D8D3F38-928C-4421-8CA0-213D0EA7ED61}.Debug|Any CPU.ActiveCfg = Debug|Any CPU
		{4D8D3F38-928C-4421-8CA0-213D0EA7ED61}.Debug|Any CPU.Build.0 = Debug|Any CPU
		{4D8D3F38-928C-4421-8CA0-213D0EA7ED61}.Debug|x64.ActiveCfg = Debug|Any CPU
		{4D8D3F38-928C-4421-8CA0-213D0EA7ED61}.Debug|x64.Build.0 = Debug|Any CPU
		{4D8D3F38-928C-4421-8CA0-213D0EA7ED61}.Debug|x86.ActiveCfg = Debug|Any CPU
		{4D8D3F38-928C-4421-8CA0-213D0EA7ED61}.Debug|x86.Build.0 = Debug|Any CPU
		{4D8D3F38-928C-4421-8CA0-213D0EA7ED61}.Release|Any CPU.ActiveCfg = Release|Any CPU
		{4D8D3F38-928C-4421-8CA0-213D0EA7ED61}.Release|Any CPU.Build.0 = Release|Any CPU
		{4D8D3F38-928C-4421-8CA0-213D0EA7ED61}.Release|x64.ActiveCfg = Release|Any CPU
		{4D8D3F38-928C-4421-8CA0-213D0EA7ED61}.Release|x64.Build.0 = Release|Any CPU
		{4D8D3F38-928C-4421-8CA0-213D0EA7ED61}.Release|x86.ActiveCfg = Release|Any CPU
		{4D8D3F38-928C-4421-8CA0-213D0EA7ED61}.Release|x86.Build.0 = Release|Any CPU
		{B27304B6-3B39-4C1C-83C6-0077661926E3}.Debug|Any CPU.ActiveCfg = Debug|Any CPU
		{B27304B6-3B39-4C1C-83C6-0077661926E3}.Debug|Any CPU.Build.0 = Debug|Any CPU
		{B27304B6-3B39-4C1C-83C6-0077661926E3}.Debug|x64.ActiveCfg = Debug|Any CPU
		{B27304B6-3B39-4C1C-83C6-0077661926E3}.Debug|x64.Build.0 = Debug|Any CPU
		{B27304B6-3B39-4C1C-83C6-0077661926E3}.Debug|x86.ActiveCfg = Debug|Any CPU
		{B27304B6-3B39-4C1C-83C6-0077661926E3}.Debug|x86.Build.0 = Debug|Any CPU
		{B27304B6-3B39-4C1C-83C6-0077661926E3}.Release|Any CPU.ActiveCfg = Release|Any CPU
		{B27304B6-3B39-4C1C-83C6-0077661926E3}.Release|Any CPU.Build.0 = Release|Any CPU
		{B27304B6-3B39-4C1C-83C6-0077661926E3}.Release|x64.ActiveCfg = Release|Any CPU
		{B27304B6-3B39-4C1C-83C6-0077661926E3}.Release|x64.Build.0 = Release|Any CPU
		{B27304B6-3B39-4C1C-83C6-0077661926E3}.Release|x86.ActiveCfg = Release|Any CPU
		{B27304B6-3B39-4C1C-83C6-0077661926E3}.Release|x86.Build.0 = Release|Any CPU
	EndGlobalSection
	GlobalSection(SolutionProperties) = preSolution
		HideSolutionNode = FALSE
	EndGlobalSection
EndGlobal
